
Microsoft Visual Studio Solution File, Format Version 12.00
# Visual Studio 15
VisualStudioVersion = 15.0.27703.1
MinimumVisualStudioVersion = 10.0.40219.1
Project("{9A19103F-16F7-4668-BE54-9A1E7A4F7556}") = "FoolProof.Core", "FoolProof.Core\FoolProof.Core.csproj", "{BF5B2183-2F4B-4222-8443-C0FDF82416D3}"
EndProject
Project("{9A19103F-16F7-4668-BE54-9A1E7A4F7556}") = "UnitTests", "UnitTests\UnitTests.csproj", "{4FCFAD52-8D45-4815-A9D6-137F0CC64311}"
EndProject
Global
	GlobalSection(SolutionConfigurationPlatforms) = preSolution
		Debug|Any CPU = Debug|Any CPU
		Release|Any CPU = Release|Any CPU
	EndGlobalSection
	GlobalSection(ProjectConfigurationPlatforms) = postSolution
		{BF5B2183-2F4B-4222-8443-C0FDF82416D3}.Debug|Any CPU.ActiveCfg = Debug|Any CPU
		{BF5B2183-2F4B-4222-8443-C0FDF82416D3}.Debug|Any CPU.Build.0 = Debug|Any CPU
		{BF5B2183-2F4B-4222-8443-C0FDF82416D3}.Release|Any CPU.ActiveCfg = Release|Any CPU
		{BF5B2183-2F4B-4222-8443-C0FDF82416D3}.Release|Any CPU.Build.0 = Release|Any CPU
		{4FCFAD52-8D45-4815-A9D6-137F0CC64311}.Debug|Any CPU.ActiveCfg = Debug|Any CPU
		{4FCFAD52-8D45-4815-A9D6-137F0CC64311}.Debug|Any CPU.Build.0 = Debug|Any CPU
		{4FCFAD52-8D45-4815-A9D6-137F0CC64311}.Release|Any CPU.ActiveCfg = Release|Any CPU
		{4FCFAD52-8D45-4815-A9D6-137F0CC64311}.Release|Any CPU.Build.0 = Release|Any CPU
	EndGlobalSection
	GlobalSection(SolutionProperties) = preSolution
		HideSolutionNode = FALSE
	EndGlobalSection
	GlobalSection(ExtensibilityGlobals) = postSolution
		SolutionGuid = {5D16ED48-335F-4E4D-A055-E45C5919AC4A}
	EndGlobalSection
EndGlobal
